
Microsoft Visual Studio Solution File, Format Version 12.00
# Visual Studio 2012
Project("{FAE04EC0-301F-11D3-BF4B-00C04F79EFBC}") = "OfficeAssistant", "OfficeAssistant\OfficeAssistant.csproj", "{0BE0A754-6495-4032-BCBE-3F224B56E123}"
EndProject
Global
	GlobalSection(SolutionConfigurationPlatforms) = preSolution
		Debug|Any CPU = Debug|Any CPU
		Release|Any CPU = Release|Any CPU
	EndGlobalSection
	GlobalSection(ProjectConfigurationPlatforms) = postSolution
		{0BE0A754-6495-4032-BCBE-3F224B56E123}.Debug|Any CPU.ActiveCfg = Debug|Any CPU
		{0BE0A754-6495-4032-BCBE-3F224B56E123}.Debug|Any CPU.Build.0 = Debug|Any CPU
		{0BE0A754-6495-4032-BCBE-3F224B56E123}.Release|Any CPU.ActiveCfg = Release|Any CPU
		{0BE0A754-6495-4032-BCBE-3F224B56E123}.Release|Any CPU.Build.0 = Release|Any CPU
	EndGlobalSection
	GlobalSection(SolutionProperties) = preSolution
		HideSolutionNode = FALSE
	EndGlobalSection
EndGlobal
